
Microsoft Visual Studio Solution File, Format Version 12.00
# Visual Studio Version 17
VisualStudioVersion = 17.13.35825.156 d17.13
MinimumVisualStudioVersion = 10.0.40219.1
Project("{FAE04EC0-301F-11D3-BF4B-00C04F79EFBC}") = "chat_bot_prac", "chat_bot_prac\chat_bot_prac.csproj", "{575D1DED-70BC-422E-8DEA-9C7F15FDFB32}"
EndProject
Global
	GlobalSection(SolutionConfigurationPlatforms) = preSolution
		Debug|Any CPU = Debug|Any CPU
		Release|Any CPU = Release|Any CPU
	EndGlobalSection
	GlobalSection(ProjectConfigurationPlatforms) = postSolution
		{575D1DED-70BC-422E-8DEA-9C7F15FDFB32}.Debug|Any CPU.ActiveCfg = Debug|Any CPU
		{575D1DED-70BC-422E-8DEA-9C7F15FDFB32}.Debug|Any CPU.Build.0 = Debug|Any CPU
		{575D1DED-70BC-422E-8DEA-9C7F15FDFB32}.Release|Any CPU.ActiveCfg = Release|Any CPU
		{575D1DED-70BC-422E-8DEA-9C7F15FDFB32}.Release|Any CPU.Build.0 = Release|Any CPU
	EndGlobalSection
	GlobalSection(SolutionProperties) = preSolution
		HideSolutionNode = FALSE
	EndGlobalSection
	GlobalSection(ExtensibilityGlobals) = postSolution
		SolutionGuid = {38880691-02CA-401D-A0C0-7AE4ECBA35FA}
	EndGlobalSection
EndGlobal
